
Microsoft Visual Studio Solution File, Format Version 12.00
# Visual Studio Version 17
VisualStudioVersion = 17.3.32819.101
MinimumVisualStudioVersion = 10.0.40219.1
Project("{FAE04EC0-301F-11D3-BF4B-00C04F79EFBC}") = "UserAndMsg", "UserAndMsg\UserAndMsg.csproj", "{011B4F14-24C4-4A26-A026-03CF9D8A719E}"
EndProject
Global
	GlobalSection(SolutionConfigurationPlatforms) = preSolution
		Debug|Any CPU = Debug|Any CPU
		Release|Any CPU = Release|Any CPU
	EndGlobalSection
	GlobalSection(ProjectConfigurationPlatforms) = postSolution
		{011B4F14-24C4-4A26-A026-03CF9D8A719E}.Debug|Any CPU.ActiveCfg = Debug|Any CPU
		{011B4F14-24C4-4A26-A026-03CF9D8A719E}.Debug|Any CPU.Build.0 = Debug|Any CPU
		{011B4F14-24C4-4A26-A026-03CF9D8A719E}.Release|Any CPU.ActiveCfg = Release|Any CPU
		{011B4F14-24C4-4A26-A026-03CF9D8A719E}.Release|Any CPU.Build.0 = Release|Any CPU
	EndGlobalSection
	GlobalSection(SolutionProperties) = preSolution
		HideSolutionNode = FALSE
	EndGlobalSection
	GlobalSection(ExtensibilityGlobals) = postSolution
		SolutionGuid = {EB2B10FF-3DEC-464E-BAB3-B78E62181455}
	EndGlobalSection
EndGlobal
